symfony v2.0.10
twig v1.6.0
monolog 1.0.2
doctrine-common 2.1.4
doctrine-dbal 2.1.6
doctrine 2.1.6
swiftmailer v4.1.5
assetic v1.0.2
twig-extensions 1dfff8e793f50f651c4f74f796c2c68a4aee3147
metadata 1.0.0
SensioFrameworkExtraBundle 638f545b7020b9e9d5944a7e3167f60ed848250d
JMSSecurityExtraBundle 541a4c242328dc04b99540c75346cc74a7c0cfb5
SensioDistributionBundle 20b66a408084ad8752f98e50f10533f5245310bf
SensioGeneratorBundle dd37fc4487bc09ac01bdcf89e0ff4ee4484b7fab
AsseticBundle v1.0.1
doctrine-fixtures 7980ea20b3c6e5104241acb430e4822b8bc402ae
DoctrineFixturesBundle a66be2f077f3a4e5c3801b356b42b8782f1abbd6
gedmo-doctrine-extensions 015de8edd4024dd1aeddd95d969448ce931a6c66
DoctrineExtensionsBundle f141a698d65271a18d86469c1f7b29d7e24170dd
FOSUserBundle 78d95e6ec79aa8ed7ba3cb3f9fe0a08a5e392fa8
SonataAdminBundle 869660f190e2dec92a7d23b6ffd02d070c1ea041
SonataBlockBundle 22fa2cdd58c9efc1ff4b570e861c45404e2803a7
SonataCacheBundle 5b966e7350636750df7e45920acb30946415ba6d
SonatajQueryBundle 01ffb8d1a7a4bb3971aed003e4f1ef050a0701aa
SonataDoctrineORMAdminBundle 0070e57c5fa0192d29d80d303f083cdf55823bb2
SonataUserBundle b54d57730c51c8b3f1f242d9430dc2cab4f31cf2
SonataEasyExtendsBundle a01068d79ac160105c1d757b9e3e65f74064803c
Exporter be2921f67b291a22186164af27a3aab9a577db17
KnpMenuBundle dc12b1c8e56074d65b01eed51164c86d36579f86
KnpMenu 288bf862f0ea37c44e04e0f9ccc9c7e36540ad69
